
Microsoft Visual Studio Solution File, Format Version 12.00
# Visual Studio Version 17
VisualStudioVersion = 17.13.35818.85 d17.13
MinimumVisualStudioVersion = 10.0.40219.1
Project("{FAE04EC0-301F-11D3-BF4B-00C04F79EFBC}") = "WebApplication1", "WebApplication1\WebApplication1.csproj", "{815D25F8-171C-4134-A81D-869F60C55133}"
EndProject
Global
	GlobalSection(SolutionConfigurationPlatforms) = preSolution
		Debug|Any CPU = Debug|Any CPU
		Release|Any CPU = Release|Any CPU
	EndGlobalSection
	GlobalSection(ProjectConfigurationPlatforms) = postSolution
		{815D25F8-171C-4134-A81D-869F60C55133}.Debug|Any CPU.ActiveCfg = Debug|Any CPU
		{815D25F8-171C-4134-A81D-869F60C55133}.Debug|Any CPU.Build.0 = Debug|Any CPU
		{815D25F8-171C-4134-A81D-869F60C55133}.Release|Any CPU.ActiveCfg = Release|Any CPU
		{815D25F8-171C-4134-A81D-869F60C55133}.Release|Any CPU.Build.0 = Release|Any CPU
	EndGlobalSection
	GlobalSection(SolutionProperties) = preSolution
		HideSolutionNode = FALSE
	EndGlobalSection
	GlobalSection(ExtensibilityGlobals) = postSolution
		SolutionGuid = {11D4D0C5-466F-44D2-BFC4-02397B71BF04}
	EndGlobalSection
EndGlobal
